
Microsoft Visual Studio Solution File, Format Version 12.00
# Visual Studio 2012
Project("{FAE04EC0-301F-11D3-BF4B-00C04F79EFBC}") = "cltest", "cltest\cltest.csproj", "{57849C18-C459-46F2-A573-356F0D2B8308}"
EndProject
Global
	GlobalSection(SolutionConfigurationPlatforms) = preSolution
		Debug|iPhoneSimulator = Debug|iPhoneSimulator
		Release|iPhone = Release|iPhone
		Release|iPhoneSimulator = Release|iPhoneSimulator
		Debug|iPhone = Debug|iPhone
	EndGlobalSection
	GlobalSection(ProjectConfigurationPlatforms) = postSolution
		{57849C18-C459-46F2-A573-356F0D2B8308}.Debug|iPhoneSimulator.ActiveCfg = Debug|iPhoneSimulator
		{57849C18-C459-46F2-A573-356F0D2B8308}.Debug|iPhoneSimulator.Build.0 = Debug|iPhoneSimulator
		{57849C18-C459-46F2-A573-356F0D2B8308}.Release|iPhone.ActiveCfg = Release|iPhone
		{57849C18-C459-46F2-A573-356F0D2B8308}.Release|iPhone.Build.0 = Release|iPhone
		{57849C18-C459-46F2-A573-356F0D2B8308}.Release|iPhoneSimulator.ActiveCfg = Release|iPhoneSimulator
		{57849C18-C459-46F2-A573-356F0D2B8308}.Release|iPhoneSimulator.Build.0 = Release|iPhoneSimulator
		{57849C18-C459-46F2-A573-356F0D2B8308}.Debug|iPhone.ActiveCfg = Debug|iPhone
		{57849C18-C459-46F2-A573-356F0D2B8308}.Debug|iPhone.Build.0 = Debug|iPhone
	EndGlobalSection
EndGlobal
